// !$*UTF8*$!
{
	archiveVersion = 1;
	classes = {
	};
	objectVersion = 55;
	objects = {

/* Begin PBXBuildFile section */
		45D8617827779E3A00D9307F /* RandomCount.swift in Sources */ = {isa = PBXBuildFile; fileRef = 45D8617727779E3A00D9307F /* RandomCount.swift */; };
		45D8617B2777AB9700D9307F /* ViewModel.swift in Sources */ = {isa = PBXBuildFile; fileRef = 45D8617A2777AB9700D9307F /* ViewModel.swift */; };
		45D8617E2777AC1800D9307F /* Dynamic.swift in Sources */ = {isa = PBXBuildFile; fileRef = 45D8617D2777AC1800D9307F /* Dynamic.swift */; };
		45E8DDEF2775F11B004FE340 /* AppDelegate.swift in Sources */ = {isa = PBXBuildFile; fileRef = 45E8DDEE2775F11B004FE340 /* AppDelegate.swift */; };
		45E8DDF12775F11B004FE340 /* SceneDelegate.swift in Sources */ = {isa = PBXBuildFile; fileRef = 45E8DDF02775F11B004FE340 /* SceneDelegate.swift */; };
		45E8DDF32775F11B004FE340 /* ViewController.swift in Sources */ = {isa = PBXBuildFile; fileRef = 45E8DDF22775F11B004FE340 /* ViewController.swift */; };
		45E8DDF82775F11D004FE340 /* Assets.xcassets in Resources */ = {isa = PBXBuildFile; fileRef = 45E8DDF72775F11D004FE340 /* Assets.xcassets */; };
		45E8DDFB2775F11D004FE340 /* LaunchScreen.storyboard in Resources */ = {isa = PBXBuildFile; fileRef = 45E8DDF92775F11D004FE340 /* LaunchScreen.storyboard */; };
		45F47A422776425F0081ADED /* Crypto.swift in Sources */ = {isa = PBXBuildFile; fileRef = 45F47A412776425F0081ADED /* Crypto.swift */; };
		45F47A4B27765BFE0081ADED /* UIView+ext.swift in Sources */ = {isa = PBXBuildFile; fileRef = 45F47A4A27765BFE0081ADED /* UIView+ext.swift */; };
/* End PBXBuildFile section */

/* Begin PBXFileReference section */
		45D8617727779E3A00D9307F /* RandomCount.swift */ = {isa = PBXFileReference; lastKnownFileType = sourcecode.swift; path = RandomCount.swift; sourceTree = "<group>"; };
		45D8617A2777AB9700D9307F /* ViewModel.swift */ = {isa = PBXFileReference; lastKnownFileType = sourcecode.swift; path = ViewModel.swift; sourceTree = "<group>"; };
		45D8617D2777AC1800D9307F /* Dynamic.swift */ = {isa = PBXFileReference; lastKnownFileType = sourcecode.swift; path = Dynamic.swift; sourceTree = "<group>"; };
		45E8DDEB2775F11B004FE340 /* Crypto.app */ = {isa = PBXFileReference; explicitFileType = wrapper.application; includeInIndex = 0; path = Crypto.app; sourceTree = BUILT_PRODUCTS_DIR; };
		45E8DDEE2775F11B004FE340 /* AppDelegate.swift */ = {isa = PBXFileReference; lastKnownFileType = sourcecode.swift; path = AppDelegate.swift; sourceTree = "<group>"; };
		45E8DDF02775F11B004FE340 /* SceneDelegate.swift */ = {isa = PBXFileReference; lastKnownFileType = sourcecode.swift; path = SceneDelegate.swift; sourceTree = "<group>"; };
		45E8DDF22775F11B004FE340 /* ViewController.swift */ = {isa = PBXFileReference; lastKnownFileType = sourcecode.swift; path = ViewController.swift; sourceTree = "<group>"; };
		45E8DDF72775F11D004FE340 /* Assets.xcassets */ = {isa = PBXFileReference; lastKnownFileType = folder.assetcatalog; path = Assets.xcassets; sourceTree = "<group>"; };
		45E8DDFA2775F11D004FE340 /* Base */ = {isa = PBXFileReference; lastKnownFileType = file.storyboard; name = Base; path = Base.lproj/LaunchScreen.storyboard; sourceTree = "<group>"; };
		45E8DDFC2775F11D004FE340 /* Info.plist */ = {isa = PBXFileReference; lastKnownFileType = text.plist.xml; path = Info.plist; sourceTree = "<group>"; };
		45F47A412776425F0081ADED /* Crypto.swift */ = {isa = PBXFileReference; lastKnownFileType = sourcecode.swift; path = Crypto.swift; sourceTree = "<group>"; };
		45F47A4A27765BFE0081ADED /* UIView+ext.swift */ = {isa = PBXFileReference; lastKnownFileType = sourcecode.swift; path = "UIView+ext.swift"; sourceTree = "<group>"; };
/* End PBXFileReference section */

/* Begin PBXFrameworksBuildPhase section */
		45E8DDE82775F11B004FE340 /* Frameworks */ = {
			isa = PBXFrameworksBuildPhase;
			buildActionMask = 2147483647;
			files = (
			);
			runOnlyForDeploymentPostprocessing = 0;
		};
/* End PBXFrameworksBuildPhase section */

/* Begin PBXGroup section */
		45D8617627779E2300D9307F /* Helpers */ = {
			isa = PBXGroup;
			children = (
				45D8617727779E3A00D9307F /* RandomCount.swift */,
			);
			path = Helpers;
			sourceTree = "<group>";
		};
		45D861792777A9C400D9307F /* ViewModels */ = {
			isa = PBXGroup;
			children = (
				45D8617C2777AC0500D9307F /* Bindings */,
				45D8617A2777AB9700D9307F /* ViewModel.swift */,
			);
			path = ViewModels;
			sourceTree = "<group>";
		};
		45D8617C2777AC0500D9307F /* Bindings */ = {
			isa = PBXGroup;
			children = (
				45D8617D2777AC1800D9307F /* Dynamic.swift */,
			);
			path = Bindings;
			sourceTree = "<group>";
		};
		45E8DDE22775F11B004FE340 = {
			isa = PBXGroup;
			children = (
				45E8DDED2775F11B004FE340 /* Crypto */,
				45E8DDEC2775F11B004FE340 /* Products */,
			);
			sourceTree = "<group>";
		};
		45E8DDEC2775F11B004FE340 /* Products */ = {
			isa = PBXGroup;
			children = (
				45E8DDEB2775F11B004FE340 /* Crypto.app */,
			);
			name = Products;
			sourceTree = "<group>";
		};
		45E8DDED2775F11B004FE340 /* Crypto */ = {
			isa = PBXGroup;
			children = (
				45F47A4D277666530081ADED /* Models */,
				45E8DE042775F1A4004FE340 /* Views */,
				45D861792777A9C400D9307F /* ViewModels */,
				45E8DE032775F198004FE340 /* Resourses */,
				45E8DE022775F17E004FE340 /* Delegate */,
				45E8DDFC2775F11D004FE340 /* Info.plist */,
				45F47A4927765BCB0081ADED /* Extensions */,
			);
			path = Crypto;
			sourceTree = "<group>";
		};
		45E8DE022775F17E004FE340 /* Delegate */ = {
			isa = PBXGroup;
			children = (
				45E8DDEE2775F11B004FE340 /* AppDelegate.swift */,
				45E8DDF02775F11B004FE340 /* SceneDelegate.swift */,
			);
			path = Delegate;
			sourceTree = "<group>";
		};
		45E8DE032775F198004FE340 /* Resourses */ = {
			isa = PBXGroup;
			children = (
				45E8DDF72775F11D004FE340 /* Assets.xcassets */,
			);
			path = Resourses;
			sourceTree = "<group>";
		};
		45E8DE042775F1A4004FE340 /* Views */ = {
			isa = PBXGroup;
			children = (
				45E8DDF22775F11B004FE340 /* ViewController.swift */,
				45E8DE052775F1AD004FE340 /* Storyboards */,
			);
			path = Views;
			sourceTree = "<group>";
		};
		45E8DE052775F1AD004FE340 /* Storyboards */ = {
			isa = PBXGroup;
			children = (
				45E8DDF92775F11D004FE340 /* LaunchScreen.storyboard */,
			);
			path = Storyboards;
			sourceTree = "<group>";
		};
		45F47A4927765BCB0081ADED /* Extensions */ = {
			isa = PBXGroup;
			children = (
				45F47A4A27765BFE0081ADED /* UIView+ext.swift */,
			);
			path = Extensions;
			sourceTree = "<group>";
		};
		45F47A4D277666530081ADED /* Models */ = {
			isa = PBXGroup;
			children = (
				45D8617627779E2300D9307F /* Helpers */,
				45F47A412776425F0081ADED /* Crypto.swift */,
			);
			path = Models;
			sourceTree = "<group>";
		};
/* End PBXGroup section */

/* Begin PBXNativeTarget section */
		45E8DDEA2775F11B004FE340 /* Crypto */ = {
			isa = PBXNativeTarget;
			buildConfigurationList = 45E8DDFF2775F11D004FE340 /* Build configuration list for PBXNativeTarget "Crypto" */;
			buildPhases = (
				45E8DDE72775F11B004FE340 /* Sources */,
				45E8DDE82775F11B004FE340 /* Frameworks */,
				45E8DDE92775F11B004FE340 /* Resources */,
			);
			buildRules = (
			);
			dependencies = (
			);
			name = Crypto;
			productName = Crypto;
			productReference = 45E8DDEB2775F11B004FE340 /* Crypto.app */;
			productType = "com.apple.product-type.application";
		};
/* End PBXNativeTarget section */

/* Begin PBXProject section */
		45E8DDE32775F11B004FE340 /* Project object */ = {
			isa = PBXProject;
			attributes = {
				BuildIndependentTargetsInParallel = 1;
				LastSwiftUpdateCheck = 1300;
				LastUpgradeCheck = 1300;
				TargetAttributes = {
					45E8DDEA2775F11B004FE340 = {
						CreatedOnToolsVersion = 13.0;
					};
				};
			};
			buildConfigurationList = 45E8DDE62775F11B004FE340 /* Build configuration list for PBXProject "Crypto" */;
			compatibilityVersion = "Xcode 13.0";
			developmentRegion = en;
			hasScannedForEncodings = 0;
			knownRegions = (
				en,
				Base,
			);
			mainGroup = 45E8DDE22775F11B004FE340;
			productRefGroup = 45E8DDEC2775F11B004FE340 /* Products */;
			projectDirPath = "";
			projectRoot = "";
			targets = (
				45E8DDEA2775F11B004FE340 /* Crypto */,
			);
		};
/* End PBXProject section */

/* Begin PBXResourcesBuildPhase section */
		45E8DDE92775F11B004FE340 /* Resources */ = {
			isa = PBXResourcesBuildPhase;
			buildActionMask = 2147483647;
			files = (
				45E8DDFB2775F11D004FE340 /* LaunchScreen.storyboard in Resources */,
				45E8DDF82775F11D004FE340 /* Assets.xcassets in Resources */,
			);
			runOnlyForDeploymentPostprocessing = 0;
		};
/* End PBXResourcesBuildPhase section */

/* Begin PBXSourcesBuildPhase section */
		45E8DDE72775F11B004FE340 /* Sources */ = {
			isa = PBXSourcesBuildPhase;
			buildActionMask = 2147483647;
			files = (
				45D8617827779E3A00D9307F /* RandomCount.swift in Sources */,
				45F47A4B27765BFE0081ADED /* UIView+ext.swift in Sources */,
				45F47A422776425F0081ADED /* Crypto.swift in Sources */,
				45E8DDF32775F11B004FE340 /* ViewController.swift in Sources */,
				45E8DDEF2775F11B004FE340 /* AppDelegate.swift in Sources */,
				45D8617E2777AC1800D9307F /* Dynamic.swift in Sources */,
				45E8DDF12775F11B004FE340 /* SceneDelegate.swift in Sources */,
				45D8617B2777AB9700D9307F /* ViewModel.swift in Sources */,
			);
			runOnlyForDeploymentPostprocessing = 0;
		};
/* End PBXSourcesBuildPhase section */

/* Begin PBXVariantGroup section */
		45E8DDF92775F11D004FE340 /* LaunchScreen.storyboard */ = {
			isa = PBXVariantGroup;
			children = (
				45E8DDFA2775F11D004FE340 /* Base */,
			);
			name = LaunchScreen.storyboard;
			sourceTree = "<group>";
		};
/* End PBXVariantGroup section */

/* Begin XCBuildConfiguration section */
		45E8DDFD2775F11D004FE340 /* Debug */ = {
			isa = XCBuildConfiguration;
			buildSettings = {
				ALWAYS_SEARCH_USER_PATHS = NO;
				CLANG_ANALYZER_NONNULL = YES;
				CLANG_ANALYZER_NUMBER_OBJECT_CONVERSION = YES_AGGRESSIVE;
				CLANG_CXX_LANGUAGE_STANDARD = "gnu++17";
				CLANG_CXX_LIBRARY = "libc++";
				CLANG_ENABLE_MODULES = YES;
				CLANG_ENABLE_OBJC_ARC = YES;
				CLANG_ENABLE_OBJC_WEAK = YES;
				CLANG_WARN_BLOCK_CAPTURE_AUTORELEASING = YES;
				CLANG_WARN_BOOL_CONVERSION = YES;
				CLANG_WARN_COMMA = YES;
				CLANG_WARN_CONSTANT_CONVERSION = YES;
				CLANG_WARN_DEPRECATED_OBJC_IMPLEMENTATIONS = YES;
				CLANG_WARN_DIRECT_OBJC_ISA_USAGE = YES_ERROR;
				CLANG_WARN_DOCUMENTATION_COMMENTS = YES;
				CLANG_WARN_EMPTY_BODY = YES;
				CLANG_WARN_ENUM_CONVERSION = YES;
				CLANG_WARN_INFINITE_RECURSION = YES;
				CLANG_WARN_INT_CONVERSION = YES;
				CLANG_WARN_NON_LITERAL_NULL_CONVERSION = YES;
				CLANG_WARN_OBJC_IMPLICIT_RETAIN_SELF = YES;
				CLANG_WARN_OBJC_LITERAL_CONVERSION = YES;
				CLANG_WARN_OBJC_ROOT_CLASS = YES_ERROR;
				CLANG_WARN_QUOTED_INCLUDE_IN_FRAMEWORK_HEADER = YES;
				CLANG_WARN_RANGE_LOOP_ANALYSIS = YES;
				CLANG_WARN_STRICT_PROTOTYPES = YES;
				CLANG_WARN_SUSPICIOUS_MOVE = YES;
				CLANG_WARN_UNGUARDED_AVAILABILITY = YES_AGGRESSIVE;
				CLANG_WARN_UNREACHABLE_CODE = YES;
				CLANG_WARN__DUPLICATE_METHOD_MATCH = YES;
				COPY_PHASE_STRIP = NO;
				DEBUG_INFORMATION_FORMAT = dwarf;
				ENABLE_STRICT_OBJC_MSGSEND = YES;
				ENABLE_TESTABILITY = YES;
				GCC_C_LANGUAGE_STANDARD = gnu11;
				GCC_DYNAMIC_NO_PIC = NO;
				GCC_NO_COMMON_BLOCKS = YES;
				GCC_OPTIMIZATION_LEVEL = 0;
				GCC_PREPROCESSOR_DEFINITIONS = (
					"DEBUG=1",
					"$(inherited)",
				);
				GCC_WARN_64_TO_32_BIT_CONVERSION = YES;
				GCC_WARN_ABOUT_RETURN_TYPE = YES_ERROR;
				GCC_WARN_UNDECLARED_SELECTOR = YES;
				GCC_WARN_UNINITIALIZED_AUTOS = YES_AGGRESSIVE;
				GCC_WARN_UNUSED_FUNCTION = YES;
				GCC_WARN_UNUSED_VARIABLE = YES;
				IPHONEOS_DEPLOYMENT_TARGET = 13.0;
				MTL_ENABLE_DEBUG_INFO = INCLUDE_SOURCE;
				MTL_FAST_MATH = YES;
				ONLY_ACTIVE_ARCH = YES;
				SDKROOT = iphoneos;
				SWIFT_ACTIVE_COMPILATION_CONDITIONS = DEBUG;
				SWIFT_OPTIMIZATION_LEVEL = "-Onone";
			};
			name = Debug;
		};
		45E8DDFE2775F11D004FE340 /* Release */ = {
			isa = XCBuildConfiguration;
			buildSettings = {
				ALWAYS_SEARCH_USER_PATHS = NO;
				CLANG_ANALYZER_NONNULL = YES;
				CLANG_ANALYZER_NUMBER_OBJECT_CONVERSION = YES_AGGRESSIVE;
				CLANG_CXX_LANGUAGE_STANDARD = "gnu++17";
				CLANG_CXX_LIBRARY = "libc++";
				CLANG_ENABLE_MODULES = YES;
				CLANG_ENABLE_OBJC_ARC = YES;
				CLANG_ENABLE_OBJC_WEAK = YES;
				CLANG_WARN_BLOCK_CAPTURE_AUTORELEASING = YES;
				CLANG_WARN_BOOL_CONVERSION = YES;
				CLANG_WARN_COMMA = YES;
				CLANG_WARN_CONSTANT_CONVERSION = YES;
				CLANG_WARN_DEPRECATED_OBJC_IMPLEMENTATIONS = YES;
				CLANG_WARN_DIRECT_OBJC_ISA_USAGE = YES_ERROR;
				CLANG_WARN_DOCUMENTATION_COMMENTS = YES;
				CLANG_WARN_EMPTY_BODY = YES;
				CLANG_WARN_ENUM_CONVERSION = YES;
				CLANG_WARN_INFINITE_RECURSION = YES;
				CLANG_WARN_INT_CONVERSION = YES;
				CLANG_WARN_NON_LITERAL_NULL_CONVERSION = YES;
				CLANG_WARN_OBJC_IMPLICIT_RETAIN_SELF = YES;
				CLANG_WARN_OBJC_LITERAL_CONVERSION = YES;
				CLANG_WARN_OBJC_ROOT_CLASS = YES_ERROR;
				CLANG_WARN_QUOTED_INCLUDE_IN_FRAMEWORK_HEADER = YES;
				CLANG_WARN_RANGE_LOOP_ANALYSIS = YES;
				CLANG_WARN_STRICT_PROTOTYPES = YES;
				CLANG_WARN_SUSPICIOUS_MOVE = YES;
				CLANG_WARN_UNGUARDED_AVAILABILITY = YES_AGGRESSIVE;
				CLANG_WARN_UNREACHABLE_CODE = YES;
				CLANG_WARN__DUPLICATE_METHOD_MATCH = YES;
				COPY_PHASE_STRIP = NO;
				DEBUG_INFORMATION_FORMAT = "dwarf-with-dsym";
				ENABLE_NS_ASSERTIONS = NO;
				ENABLE_STRICT_OBJC_MSGSEND = YES;
				GCC_C_LANGUAGE_STANDARD = gnu11;
				GCC_NO_COMMON_BLOCKS = YES;
				GCC_WARN_64_TO_32_BIT_CONVERSION = YES;
				GCC_WARN_ABOUT_RETURN_TYPE = YES_ERROR;
				GCC_WARN_UNDECLARED_SELECTOR = YES;
				GCC_WARN_UNINITIALIZED_AUTOS = YES_AGGRESSIVE;
				GCC_WARN_UNUSED_FUNCTION = YES;
				GCC_WARN_UNUSED_VARIABLE = YES;
				IPHONEOS_DEPLOYMENT_TARGET = 13.0;
				MTL_ENABLE_DEBUG_INFO = NO;
				MTL_FAST_MATH = YES;
				SDKROOT = iphoneos;
				SWIFT_COMPILATION_MODE = wholemodule;
				SWIFT_OPTIMIZATION_LEVEL = "-O";
				VALIDATE_PRODUCT = YES;
			};
			name = Release;
		};
		45E8DE002775F11D004FE340 /* Debug */ = {
			isa = XCBuildConfiguration;
			buildSettings = {
				ASSETCATALOG_COMPILER_APPICON_NAME = AppIcon;
				ASSETCATALOG_COMPILER_GLOBAL_ACCENT_COLOR_NAME = AccentColor;
				CODE_SIGN_STYLE = Automatic;
				CURRENT_PROJECT_VERSION = 1;
				GENERATE_INFOPLIST_FILE = YES;
				INFOPLIST_FILE = Crypto/Info.plist;
				INFOPLIST_KEY_UIApplicationSupportsIndirectInputEvents = YES;
				INFOPLIST_KEY_UILaunchStoryboardName = LaunchScreen;
				INFOPLIST_KEY_UISupportedInterfaceOrientations = "UIInterfaceOrientationPortrait UIInterfaceOrientationLandscapeRight UIInterfaceOrientationLandscapeLeft";
				INFOPLIST_KEY_UISupportedInterfaceOrientations_iPad = "UIInterfaceOrientationPortrait UIInterfaceOrientationPortraitUpsideDown UIInterfaceOrientationLandscapeLeft UIInterfaceOrientationLandscapeRight";
				INFOPLIST_KEY_UISupportedInterfaceOrientations_iPhone = "UIInterfaceOrientationPortrait UIInterfaceOrientationLandscapeLeft UIInterfaceOrientationLandscapeRight";
				IPHONEOS_DEPLOYMENT_TARGET = 13.0;
				LD_RUNPATH_SEARCH_PATHS = (
					"$(inherited)",
					"@executable_path/Frameworks",
				);
				MARKETING_VERSION = 1.0;
				PRODUCT_BUNDLE_IDENTIFIER = com.borisbolsh.Crypto;
				PRODUCT_NAME = "$(TARGET_NAME)";
				SWIFT_EMIT_LOC_STRINGS = YES;
				SWIFT_VERSION = 5.0;
				TARGETED_DEVICE_FAMILY = 1;
			};
			name = Debug;
		};
		45E8DE012775F11D004FE340 /* Release */ = {
			isa = XCBuildConfiguration;
			buildSettings = {
				ASSETCATALOG_COMPILER_APPICON_NAME = AppIcon;
				ASSETCATALOG_COMPILER_GLOBAL_ACCENT_COLOR_NAME = AccentColor;
				CODE_SIGN_STYLE = Automatic;
				CURRENT_PROJECT_VERSION = 1;
				GENERATE_INFOPLIST_FILE = YES;
				INFOPLIST_FILE = Crypto/Info.plist;
				INFOPLIST_KEY_UIApplicationSupportsIndirectInputEvents = YES;
				INFOPLIST_KEY_UILaunchStoryboardName = LaunchScreen;
				INFOPLIST_KEY_UISupportedInterfaceOrientations = "UIInterfaceOrientationPortrait UIInterfaceOrientationLandscapeRight UIInterfaceOrientationLandscapeLeft";
				INFOPLIST_KEY_UISupportedInterfaceOrientations_iPad = "UIInterfaceOrientationPortrait UIInterfaceOrientationPortraitUpsideDown UIInterfaceOrientationLandscapeLeft UIInterfaceOrientationLandscapeRight";
				INFOPLIST_KEY_UISupportedInterfaceOrientations_iPhone = "UIInterfaceOrientationPortrait UIInterfaceOrientationLandscapeLeft UIInterfaceOrientationLandscapeRight";
				IPHONEOS_DEPLOYMENT_TARGET = 13.0;
				LD_RUNPATH_SEARCH_PATHS = (
					"$(inherited)",
					"@executable_path/Frameworks",
				);
				MARKETING_VERSION = 1.0;
				PRODUCT_BUNDLE_IDENTIFIER = com.borisbolsh.Crypto;
				PRODUCT_NAME = "$(TARGET_NAME)";
				SWIFT_EMIT_LOC_STRINGS = YES;
				SWIFT_VERSION = 5.0;
				TARGETED_DEVICE_FAMILY = 1;
			};
			name = Release;
		};
/* End XCBuildConfiguration section */

/* Begin XCConfigurationList section */
		45E8DDE62775F11B004FE340 /* Build configuration list for PBXProject "Crypto" */ = {
			isa = XCConfigurationList;
			buildConfigurations = (
				45E8DDFD2775F11D004FE340 /* Debug */,
				45E8DDFE2775F11D004FE340 /* Release */,
			);
			defaultConfigurationIsVisible = 0;
			defaultConfigurationName = Release;
		};
		45E8DDFF2775F11D004FE340 /* Build configuration list for PBXNativeTarget "Crypto" */ = {
			isa = XCConfigurationList;
			buildConfigurations = (
				45E8DE002775F11D004FE340 /* Debug */,
				45E8DE012775F11D004FE340 /* Release */,
			);
			defaultConfigurationIsVisible = 0;
			defaultConfigurationName = Release;
		};
/* End XCConfigurationList section */
	};
	rootObject = 45E8DDE32775F11B004FE340 /* Project object */;
}
